
Microsoft Visual Studio Solution File, Format Version 12.00
# Visual Studio Version 17
VisualStudioVersion = 17.3.32929.385
MinimumVisualStudioVersion = 10.0.40219.1
Project("{FAE04EC0-301F-11D3-BF4B-00C04F79EFBC}") = "LineComparison", "LineComparison.csproj", "{EA492D89-A084-4D23-9A4F-304B77D9E92D}"
EndProject
Global
	GlobalSection(SolutionConfigurationPlatforms) = preSolution
		Debug|Any CPU = Debug|Any CPU
		Release|Any CPU = Release|Any CPU
	EndGlobalSection
	GlobalSection(ProjectConfigurationPlatforms) = postSolution
		{EA492D89-A084-4D23-9A4F-304B77D9E92D}.Debug|Any CPU.ActiveCfg = Debug|Any CPU
		{EA492D89-A084-4D23-9A4F-304B77D9E92D}.Debug|Any CPU.Build.0 = Debug|Any CPU
		{EA492D89-A084-4D23-9A4F-304B77D9E92D}.Release|Any CPU.ActiveCfg = Release|Any CPU
		{EA492D89-A084-4D23-9A4F-304B77D9E92D}.Release|Any CPU.Build.0 = Release|Any CPU
	EndGlobalSection
	GlobalSection(SolutionProperties) = preSolution
		HideSolutionNode = FALSE
	EndGlobalSection
	GlobalSection(ExtensibilityGlobals) = postSolution
		SolutionGuid = {5A12CD00-14E2-4A00-857D-FA694EFA92C8}
	EndGlobalSection
EndGlobal
